
Microsoft Visual Studio Solution File, Format Version 12.00
# Visual Studio Version 17
VisualStudioVersion = 17.3.32929.385
MinimumVisualStudioVersion = 10.0.40219.1
Project("{9A19103F-16F7-4668-BE54-9A1E7A4F7556}") = "Abp.OnlineStore.Domain", "src\Abp.OnlineStore.Domain\Abp.OnlineStore.Domain.csproj", "{554AD327-6DBA-4F8F-96F8-81CE7A0C863F}"
EndProject
Project("{9A19103F-16F7-4668-BE54-9A1E7A4F7556}") = "Abp.OnlineStore.Application", "src\Abp.OnlineStore.Application\Abp.OnlineStore.Application.csproj", "{1A94A50E-06DC-43C1-80B5-B662820EC3EB}"
EndProject
Project("{9A19103F-16F7-4668-BE54-9A1E7A4F7556}") = "Abp.OnlineStore.EntityFrameworkCore", "src\Abp.OnlineStore.EntityFrameworkCore\Abp.OnlineStore.EntityFrameworkCore.csproj", "{C956DD76-69C8-4A9C-83EA-D17DF83340FD}"
EndProject
Project("{2150E333-8FDC-42A3-9474-1A3956D46DE8}") = "src", "src", "{CA9AC87F-097E-4F15-8393-4BC07735A5B0}"
EndProject
Project("{2150E333-8FDC-42A3-9474-1A3956D46DE8}") = "test", "test", "{04DBDB01-70F4-4E06-B468-8F87850B22BE}"
EndProject
Project("{9A19103F-16F7-4668-BE54-9A1E7A4F7556}") = "Abp.OnlineStore.Application.Tests", "test\Abp.OnlineStore.Application.Tests\Abp.OnlineStore.Application.Tests.csproj", "{50B2631D-129C-47B3-A587-029CCD6099BC}"
EndProject
Project("{9A19103F-16F7-4668-BE54-9A1E7A4F7556}") = "Abp.OnlineStore.Domain.Shared", "src\Abp.OnlineStore.Domain.Shared\Abp.OnlineStore.Domain.Shared.csproj", "{42F719ED-8413-4895-B5B4-5AB56079BC66}"
EndProject
Project("{9A19103F-16F7-4668-BE54-9A1E7A4F7556}") = "Abp.OnlineStore.Application.Contracts", "src\Abp.OnlineStore.Application.Contracts\Abp.OnlineStore.Application.Contracts.csproj", "{520659C8-C734-4298-A3DA-B539DB9DFC0B}"
EndProject
Project("{9A19103F-16F7-4668-BE54-9A1E7A4F7556}") = "Abp.OnlineStore.HttpApi", "src\Abp.OnlineStore.HttpApi\Abp.OnlineStore.HttpApi.csproj", "{4164BDF7-F527-4E85-9CE6-E3C2D7426A27}"
EndProject
Project("{9A19103F-16F7-4668-BE54-9A1E7A4F7556}") = "Abp.OnlineStore.HttpApi.Client", "src\Abp.OnlineStore.HttpApi.Client\Abp.OnlineStore.HttpApi.Client.csproj", "{3B5A0094-670D-4BB1-BFDD-61B88A8773DC}"
EndProject
Project("{9A19103F-16F7-4668-BE54-9A1E7A4F7556}") = "Abp.OnlineStore.AuthServer", "src\Abp.OnlineStore.AuthServer\Abp.OnlineStore.AuthServer.csproj", "{073C361E-B8F4-49F5-93CC-72A3FF49C026}"
EndProject
Project("{9A19103F-16F7-4668-BE54-9A1E7A4F7556}") = "Abp.OnlineStore.HttpApi.Host", "src\Abp.OnlineStore.HttpApi.Host\Abp.OnlineStore.HttpApi.Host.csproj", "{E6D5BF0E-DE92-4D82-A352-EF04B37CB11C}"
EndProject
Project("{9A19103F-16F7-4668-BE54-9A1E7A4F7556}") = "Abp.OnlineStore.EntityFrameworkCore.Tests", "test\Abp.OnlineStore.EntityFrameworkCore.Tests\Abp.OnlineStore.EntityFrameworkCore.Tests.csproj", "{1FE30EB9-74A9-47F5-A9F6-7B1FAB672D81}"
EndProject
Project("{9A19103F-16F7-4668-BE54-9A1E7A4F7556}") = "Abp.OnlineStore.TestBase", "test\Abp.OnlineStore.TestBase\Abp.OnlineStore.TestBase.csproj", "{91853F21-9CD9-4132-BC29-A7D5D84FFFE7}"
EndProject
Project("{9A19103F-16F7-4668-BE54-9A1E7A4F7556}") = "Abp.OnlineStore.Domain.Tests", "test\Abp.OnlineStore.Domain.Tests\Abp.OnlineStore.Domain.Tests.csproj", "{E512F4D9-9375-480F-A2F6-A46509F9D824}"
EndProject
Project("{9A19103F-16F7-4668-BE54-9A1E7A4F7556}") = "Abp.OnlineStore.HttpApi.Client.ConsoleTestApp", "test\Abp.OnlineStore.HttpApi.Client.ConsoleTestApp\Abp.OnlineStore.HttpApi.Client.ConsoleTestApp.csproj", "{EF480016-9127-4916-8735-D2466BDBC582}"
EndProject
Project("{9A19103F-16F7-4668-BE54-9A1E7A4F7556}") = "Abp.OnlineStore.DbMigrator", "src\Abp.OnlineStore.DbMigrator\Abp.OnlineStore.DbMigrator.csproj", "{AA94D832-1CCC-4715-95A9-A483F23A1A5D}"
EndProject
Project("{2150E333-8FDC-42A3-9474-1A3956D46DE8}") = "identity", "identity", "{FA97C41D-2D7B-42A4-8463-50501C7DA6D7}"
EndProject
Project("{2150E333-8FDC-42A3-9474-1A3956D46DE8}") = "common", "common", "{D27DAEAA-15F5-4F3D-A491-7C06A34E5E5B}"
EndProject
Project("{2150E333-8FDC-42A3-9474-1A3956D46DE8}") = "domain", "domain", "{32A80852-6BB2-4E11-8383-C0632DC67D3B}"
EndProject
Project("{2150E333-8FDC-42A3-9474-1A3956D46DE8}") = "infrastructure", "infrastructure", "{084AF761-B174-44B4-B934-836E35CF48A8}"
EndProject
Project("{2150E333-8FDC-42A3-9474-1A3956D46DE8}") = "public", "public", "{940C9AAB-E26D-4FAB-B1BD-4B7DD281FF03}"
EndProject
Project("{2150E333-8FDC-42A3-9474-1A3956D46DE8}") = "admin", "admin", "{2DCA70A4-BB62-486D-B053-710E47AC7D4C}"
EndProject
Project("{9A19103F-16F7-4668-BE54-9A1E7A4F7556}") = "Abp.OnlineStore.Admin.Application", "src\Abp.OnlineStore.Admin.Application\Abp.OnlineStore.Admin.Application.csproj", "{3F2B7EA4-EED6-437A-B360-EC021D558F9E}"
EndProject
Project("{9A19103F-16F7-4668-BE54-9A1E7A4F7556}") = "Abp.OnlineStore.Admin.Application.Contracts", "src\Abp.OnlineStore.Admin.Application.Contracts\Abp.OnlineStore.Admin.Application.Contracts.csproj", "{A1BEB090-1DB7-4366-9970-00E77DB93579}"
EndProject
Project("{9A19103F-16F7-4668-BE54-9A1E7A4F7556}") = "Abp.OnlineStore.Admin.HttpApi", "src\Abp.OnlineStore.Admin.HttpApi\Abp.OnlineStore.Admin.HttpApi.csproj", "{AD392AEC-10ED-4D20-B81A-C1985C63E0F2}"
EndProject
Project("{9A19103F-16F7-4668-BE54-9A1E7A4F7556}") = "Abp.OnlineStore.Admin.HttpApi.Client", "src\Abp.OnlineStore.Admin.HttpApi.Client\Abp.OnlineStore.Admin.HttpApi.Client.csproj", "{44EB08B5-0E17-4FA2-B44D-5F0D0F8A685E}"
EndProject
Project("{9A19103F-16F7-4668-BE54-9A1E7A4F7556}") = "Abp.OnlineStore.Admin.HttpApi.Host", "src\Abp.OnlineStore.Admin.HttpApi.Host\Abp.OnlineStore.Admin.HttpApi.Host.csproj", "{6C0207B7-0A29-47A1-8FBA-4809D615EA1B}"
EndProject
Project("{2150E333-8FDC-42A3-9474-1A3956D46DE8}") = "public", "public", "{C26A6DAF-3CD7-4665-91B9-7BAA558C9A92}"
EndProject
Project("{2150E333-8FDC-42A3-9474-1A3956D46DE8}") = "admin", "admin", "{CA738D0E-F7BB-4471-9861-4323E76A58F0}"
EndProject
Project("{9A19103F-16F7-4668-BE54-9A1E7A4F7556}") = "Abp.OnlineStore.Admin.Application.Tests", "test\Abp.OnlineStore.Admin.Application.Tests\Abp.OnlineStore.Admin.Application.Tests.csproj", "{87ECD62C-3F1F-4F08-90F1-47FE5C717E6B}"
EndProject
Project("{9A19103F-16F7-4668-BE54-9A1E7A4F7556}") = "Abp.OnlineStore.Admin.HttpApi.Client.ConsoleTestApp", "test\Abp.OnlineStore.Admin.HttpApi.Client.ConsoleTestApp\Abp.OnlineStore.Admin.HttpApi.Client.ConsoleTestApp.csproj", "{DF7BEED5-2C3E-4E84-875B-727072D82AFF}"
EndProject
Project("{2150E333-8FDC-42A3-9474-1A3956D46DE8}") = "shared", "shared", "{90519622-A118-425E-8AC6-7347B4C1685B}"
EndProject
Global
	GlobalSection(SolutionConfigurationPlatforms) = preSolution
		Debug|Any CPU = Debug|Any CPU
		Release|Any CPU = Release|Any CPU
	EndGlobalSection
	GlobalSection(ProjectConfigurationPlatforms) = postSolution
		{554AD327-6DBA-4F8F-96F8-81CE7A0C863F}.Debug|Any CPU.ActiveCfg = Debug|Any CPU
		{554AD327-6DBA-4F8F-96F8-81CE7A0C863F}.Debug|Any CPU.Build.0 = Debug|Any CPU
		{554AD327-6DBA-4F8F-96F8-81CE7A0C863F}.Release|Any CPU.ActiveCfg = Release|Any CPU
		{554AD327-6DBA-4F8F-96F8-81CE7A0C863F}.Release|Any CPU.Build.0 = Release|Any CPU
		{1A94A50E-06DC-43C1-80B5-B662820EC3EB}.Debug|Any CPU.ActiveCfg = Debug|Any CPU
		{1A94A50E-06DC-43C1-80B5-B662820EC3EB}.Debug|Any CPU.Build.0 = Debug|Any CPU
		{1A94A50E-06DC-43C1-80B5-B662820EC3EB}.Release|Any CPU.ActiveCfg = Release|Any CPU
		{1A94A50E-06DC-43C1-80B5-B662820EC3EB}.Release|Any CPU.Build.0 = Release|Any CPU
		{C956DD76-69C8-4A9C-83EA-D17DF83340FD}.Debug|Any CPU.ActiveCfg = Debug|Any CPU
		{C956DD76-69C8-4A9C-83EA-D17DF83340FD}.Debug|Any CPU.Build.0 = Debug|Any CPU
		{C956DD76-69C8-4A9C-83EA-D17DF83340FD}.Release|Any CPU.ActiveCfg = Release|Any CPU
		{C956DD76-69C8-4A9C-83EA-D17DF83340FD}.Release|Any CPU.Build.0 = Release|Any CPU
		{50B2631D-129C-47B3-A587-029CCD6099BC}.Debug|Any CPU.ActiveCfg = Debug|Any CPU
		{50B2631D-129C-47B3-A587-029CCD6099BC}.Debug|Any CPU.Build.0 = Debug|Any CPU
		{50B2631D-129C-47B3-A587-029CCD6099BC}.Release|Any CPU.ActiveCfg = Release|Any CPU
		{50B2631D-129C-47B3-A587-029CCD6099BC}.Release|Any CPU.Build.0 = Release|Any CPU
		{42F719ED-8413-4895-B5B4-5AB56079BC66}.Debug|Any CPU.ActiveCfg = Debug|Any CPU
		{42F719ED-8413-4895-B5B4-5AB56079BC66}.Debug|Any CPU.Build.0 = Debug|Any CPU
		{42F719ED-8413-4895-B5B4-5AB56079BC66}.Release|Any CPU.ActiveCfg = Release|Any CPU
		{42F719ED-8413-4895-B5B4-5AB56079BC66}.Release|Any CPU.Build.0 = Release|Any CPU
		{520659C8-C734-4298-A3DA-B539DB9DFC0B}.Debug|Any CPU.ActiveCfg = Debug|Any CPU
		{520659C8-C734-4298-A3DA-B539DB9DFC0B}.Debug|Any CPU.Build.0 = Debug|Any CPU
		{520659C8-C734-4298-A3DA-B539DB9DFC0B}.Release|Any CPU.ActiveCfg = Release|Any CPU
		{520659C8-C734-4298-A3DA-B539DB9DFC0B}.Release|Any CPU.Build.0 = Release|Any CPU
		{4164BDF7-F527-4E85-9CE6-E3C2D7426A27}.Debug|Any CPU.ActiveCfg = Debug|Any CPU
		{4164BDF7-F527-4E85-9CE6-E3C2D7426A27}.Debug|Any CPU.Build.0 = Debug|Any CPU
		{4164BDF7-F527-4E85-9CE6-E3C2D7426A27}.Release|Any CPU.ActiveCfg = Release|Any CPU
		{4164BDF7-F527-4E85-9CE6-E3C2D7426A27}.Release|Any CPU.Build.0 = Release|Any CPU
		{3B5A0094-670D-4BB1-BFDD-61B88A8773DC}.Debug|Any CPU.ActiveCfg = Debug|Any CPU
		{3B5A0094-670D-4BB1-BFDD-61B88A8773DC}.Debug|Any CPU.Build.0 = Debug|Any CPU
		{3B5A0094-670D-4BB1-BFDD-61B88A8773DC}.Release|Any CPU.ActiveCfg = Release|Any CPU
		{3B5A0094-670D-4BB1-BFDD-61B88A8773DC}.Release|Any CPU.Build.0 = Release|Any CPU
		{073C361E-B8F4-49F5-93CC-72A3FF49C026}.Debug|Any CPU.ActiveCfg = Debug|Any CPU
		{073C361E-B8F4-49F5-93CC-72A3FF49C026}.Debug|Any CPU.Build.0 = Debug|Any CPU
		{073C361E-B8F4-49F5-93CC-72A3FF49C026}.Release|Any CPU.ActiveCfg = Release|Any CPU
		{073C361E-B8F4-49F5-93CC-72A3FF49C026}.Release|Any CPU.Build.0 = Release|Any CPU
		{E6D5BF0E-DE92-4D82-A352-EF04B37CB11C}.Debug|Any CPU.ActiveCfg = Debug|Any CPU
		{E6D5BF0E-DE92-4D82-A352-EF04B37CB11C}.Debug|Any CPU.Build.0 = Debug|Any CPU
		{E6D5BF0E-DE92-4D82-A352-EF04B37CB11C}.Release|Any CPU.ActiveCfg = Release|Any CPU
		{E6D5BF0E-DE92-4D82-A352-EF04B37CB11C}.Release|Any CPU.Build.0 = Release|Any CPU
		{1FE30EB9-74A9-47F5-A9F6-7B1FAB672D81}.Debug|Any CPU.ActiveCfg = Debug|Any CPU
		{1FE30EB9-74A9-47F5-A9F6-7B1FAB672D81}.Debug|Any CPU.Build.0 = Debug|Any CPU
		{1FE30EB9-74A9-47F5-A9F6-7B1FAB672D81}.Release|Any CPU.ActiveCfg = Release|Any CPU
		{1FE30EB9-74A9-47F5-A9F6-7B1FAB672D81}.Release|Any CPU.Build.0 = Release|Any CPU
		{91853F21-9CD9-4132-BC29-A7D5D84FFFE7}.Debug|Any CPU.ActiveCfg = Debug|Any CPU
		{91853F21-9CD9-4132-BC29-A7D5D84FFFE7}.Debug|Any CPU.Build.0 = Debug|Any CPU
		{91853F21-9CD9-4132-BC29-A7D5D84FFFE7}.Release|Any CPU.ActiveCfg = Release|Any CPU
		{91853F21-9CD9-4132-BC29-A7D5D84FFFE7}.Release|Any CPU.Build.0 = Release|Any CPU
		{E512F4D9-9375-480F-A2F6-A46509F9D824}.Debug|Any CPU.ActiveCfg = Debug|Any CPU
		{E512F4D9-9375-480F-A2F6-A46509F9D824}.Debug|Any CPU.Build.0 = Debug|Any CPU
		{E512F4D9-9375-480F-A2F6-A46509F9D824}.Release|Any CPU.ActiveCfg = Release|Any CPU
		{E512F4D9-9375-480F-A2F6-A46509F9D824}.Release|Any CPU.Build.0 = Release|Any CPU
		{EF480016-9127-4916-8735-D2466BDBC582}.Debug|Any CPU.ActiveCfg = Debug|Any CPU
		{EF480016-9127-4916-8735-D2466BDBC582}.Debug|Any CPU.Build.0 = Debug|Any CPU
		{EF480016-9127-4916-8735-D2466BDBC582}.Release|Any CPU.ActiveCfg = Release|Any CPU
		{EF480016-9127-4916-8735-D2466BDBC582}.Release|Any CPU.Build.0 = Release|Any CPU
		{AA94D832-1CCC-4715-95A9-A483F23A1A5D}.Debug|Any CPU.ActiveCfg = Debug|Any CPU
		{AA94D832-1CCC-4715-95A9-A483F23A1A5D}.Debug|Any CPU.Build.0 = Debug|Any CPU
		{AA94D832-1CCC-4715-95A9-A483F23A1A5D}.Release|Any CPU.ActiveCfg = Release|Any CPU
		{AA94D832-1CCC-4715-95A9-A483F23A1A5D}.Release|Any CPU.Build.0 = Release|Any CPU
		{3F2B7EA4-EED6-437A-B360-EC021D558F9E}.Debug|Any CPU.ActiveCfg = Debug|Any CPU
		{3F2B7EA4-EED6-437A-B360-EC021D558F9E}.Debug|Any CPU.Build.0 = Debug|Any CPU
		{3F2B7EA4-EED6-437A-B360-EC021D558F9E}.Release|Any CPU.ActiveCfg = Release|Any CPU
		{3F2B7EA4-EED6-437A-B360-EC021D558F9E}.Release|Any CPU.Build.0 = Release|Any CPU
		{A1BEB090-1DB7-4366-9970-00E77DB93579}.Debug|Any CPU.ActiveCfg = Debug|Any CPU
		{A1BEB090-1DB7-4366-9970-00E77DB93579}.Debug|Any CPU.Build.0 = Debug|Any CPU
		{A1BEB090-1DB7-4366-9970-00E77DB93579}.Release|Any CPU.ActiveCfg = Release|Any CPU
		{A1BEB090-1DB7-4366-9970-00E77DB93579}.Release|Any CPU.Build.0 = Release|Any CPU
		{AD392AEC-10ED-4D20-B81A-C1985C63E0F2}.Debug|Any CPU.ActiveCfg = Debug|Any CPU
		{AD392AEC-10ED-4D20-B81A-C1985C63E0F2}.Debug|Any CPU.Build.0 = Debug|Any CPU
		{AD392AEC-10ED-4D20-B81A-C1985C63E0F2}.Release|Any CPU.ActiveCfg = Release|Any CPU
		{AD392AEC-10ED-4D20-B81A-C1985C63E0F2}.Release|Any CPU.Build.0 = Release|Any CPU
		{44EB08B5-0E17-4FA2-B44D-5F0D0F8A685E}.Debug|Any CPU.ActiveCfg = Debug|Any CPU
		{44EB08B5-0E17-4FA2-B44D-5F0D0F8A685E}.Debug|Any CPU.Build.0 = Debug|Any CPU
		{44EB08B5-0E17-4FA2-B44D-5F0D0F8A685E}.Release|Any CPU.ActiveCfg = Release|Any CPU
		{44EB08B5-0E17-4FA2-B44D-5F0D0F8A685E}.Release|Any CPU.Build.0 = Release|Any CPU
		{6C0207B7-0A29-47A1-8FBA-4809D615EA1B}.Debug|Any CPU.ActiveCfg = Debug|Any CPU
		{6C0207B7-0A29-47A1-8FBA-4809D615EA1B}.Debug|Any CPU.Build.0 = Debug|Any CPU
		{6C0207B7-0A29-47A1-8FBA-4809D615EA1B}.Release|Any CPU.ActiveCfg = Release|Any CPU
		{6C0207B7-0A29-47A1-8FBA-4809D615EA1B}.Release|Any CPU.Build.0 = Release|Any CPU
		{87ECD62C-3F1F-4F08-90F1-47FE5C717E6B}.Debug|Any CPU.ActiveCfg = Debug|Any CPU
		{87ECD62C-3F1F-4F08-90F1-47FE5C717E6B}.Debug|Any CPU.Build.0 = Debug|Any CPU
		{87ECD62C-3F1F-4F08-90F1-47FE5C717E6B}.Release|Any CPU.ActiveCfg = Release|Any CPU
		{87ECD62C-3F1F-4F08-90F1-47FE5C717E6B}.Release|Any CPU.Build.0 = Release|Any CPU
		{DF7BEED5-2C3E-4E84-875B-727072D82AFF}.Debug|Any CPU.ActiveCfg = Debug|Any CPU
		{DF7BEED5-2C3E-4E84-875B-727072D82AFF}.Debug|Any CPU.Build.0 = Debug|Any CPU
		{DF7BEED5-2C3E-4E84-875B-727072D82AFF}.Release|Any CPU.ActiveCfg = Release|Any CPU
		{DF7BEED5-2C3E-4E84-875B-727072D82AFF}.Release|Any CPU.Build.0 = Release|Any CPU
	EndGlobalSection
	GlobalSection(SolutionProperties) = preSolution
		HideSolutionNode = FALSE
	EndGlobalSection
	GlobalSection(NestedProjects) = preSolution
		{554AD327-6DBA-4F8F-96F8-81CE7A0C863F} = {32A80852-6BB2-4E11-8383-C0632DC67D3B}
		{1A94A50E-06DC-43C1-80B5-B662820EC3EB} = {940C9AAB-E26D-4FAB-B1BD-4B7DD281FF03}
		{C956DD76-69C8-4A9C-83EA-D17DF83340FD} = {084AF761-B174-44B4-B934-836E35CF48A8}
		{50B2631D-129C-47B3-A587-029CCD6099BC} = {C26A6DAF-3CD7-4665-91B9-7BAA558C9A92}
		{42F719ED-8413-4895-B5B4-5AB56079BC66} = {32A80852-6BB2-4E11-8383-C0632DC67D3B}
		{520659C8-C734-4298-A3DA-B539DB9DFC0B} = {940C9AAB-E26D-4FAB-B1BD-4B7DD281FF03}
		{4164BDF7-F527-4E85-9CE6-E3C2D7426A27} = {940C9AAB-E26D-4FAB-B1BD-4B7DD281FF03}
		{3B5A0094-670D-4BB1-BFDD-61B88A8773DC} = {940C9AAB-E26D-4FAB-B1BD-4B7DD281FF03}
		{073C361E-B8F4-49F5-93CC-72A3FF49C026} = {FA97C41D-2D7B-42A4-8463-50501C7DA6D7}
		{E6D5BF0E-DE92-4D82-A352-EF04B37CB11C} = {940C9AAB-E26D-4FAB-B1BD-4B7DD281FF03}
		{1FE30EB9-74A9-47F5-A9F6-7B1FAB672D81} = {90519622-A118-425E-8AC6-7347B4C1685B}
		{91853F21-9CD9-4132-BC29-A7D5D84FFFE7} = {90519622-A118-425E-8AC6-7347B4C1685B}
		{E512F4D9-9375-480F-A2F6-A46509F9D824} = {C26A6DAF-3CD7-4665-91B9-7BAA558C9A92}
		{EF480016-9127-4916-8735-D2466BDBC582} = {90519622-A118-425E-8AC6-7347B4C1685B}
		{AA94D832-1CCC-4715-95A9-A483F23A1A5D} = {084AF761-B174-44B4-B934-836E35CF48A8}
		{FA97C41D-2D7B-42A4-8463-50501C7DA6D7} = {CA9AC87F-097E-4F15-8393-4BC07735A5B0}
		{D27DAEAA-15F5-4F3D-A491-7C06A34E5E5B} = {CA9AC87F-097E-4F15-8393-4BC07735A5B0}
		{32A80852-6BB2-4E11-8383-C0632DC67D3B} = {D27DAEAA-15F5-4F3D-A491-7C06A34E5E5B}
		{084AF761-B174-44B4-B934-836E35CF48A8} = {D27DAEAA-15F5-4F3D-A491-7C06A34E5E5B}
		{940C9AAB-E26D-4FAB-B1BD-4B7DD281FF03} = {CA9AC87F-097E-4F15-8393-4BC07735A5B0}
		{2DCA70A4-BB62-486D-B053-710E47AC7D4C} = {CA9AC87F-097E-4F15-8393-4BC07735A5B0}
		{3F2B7EA4-EED6-437A-B360-EC021D558F9E} = {2DCA70A4-BB62-486D-B053-710E47AC7D4C}
		{A1BEB090-1DB7-4366-9970-00E77DB93579} = {2DCA70A4-BB62-486D-B053-710E47AC7D4C}
		{AD392AEC-10ED-4D20-B81A-C1985C63E0F2} = {2DCA70A4-BB62-486D-B053-710E47AC7D4C}
		{44EB08B5-0E17-4FA2-B44D-5F0D0F8A685E} = {2DCA70A4-BB62-486D-B053-710E47AC7D4C}
		{6C0207B7-0A29-47A1-8FBA-4809D615EA1B} = {2DCA70A4-BB62-486D-B053-710E47AC7D4C}
		{C26A6DAF-3CD7-4665-91B9-7BAA558C9A92} = {04DBDB01-70F4-4E06-B468-8F87850B22BE}
		{CA738D0E-F7BB-4471-9861-4323E76A58F0} = {04DBDB01-70F4-4E06-B468-8F87850B22BE}
		{87ECD62C-3F1F-4F08-90F1-47FE5C717E6B} = {CA738D0E-F7BB-4471-9861-4323E76A58F0}
		{DF7BEED5-2C3E-4E84-875B-727072D82AFF} = {CA738D0E-F7BB-4471-9861-4323E76A58F0}
		{90519622-A118-425E-8AC6-7347B4C1685B} = {04DBDB01-70F4-4E06-B468-8F87850B22BE}
	EndGlobalSection
	GlobalSection(ExtensibilityGlobals) = postSolution
		SolutionGuid = {28315BFD-90E7-4E14-A2EA-F3D23AF4126F}
	EndGlobalSection
EndGlobal
